
Microsoft Visual Studio Solution File, Format Version 12.00
# Visual Studio Version 18
VisualStudioVersion = 18.5.11723.231
MinimumVisualStudioVersion = 10.0.40219.1
Project("{FAE04EC0-301F-11D3-BF4B-00C04F79EFBC}") = "Step1-Capsule.MonoGame.DesktopGL", "Step1-Capsule\Step1-Capsule.MonoGame.DesktopGL.csproj", "{AACBD145-BAD2-A5D9-A819-6DF3AC6F15B2}"
EndProject
Project("{FAE04EC0-301F-11D3-BF4B-00C04F79EFBC}") = "Step2-Refactor.MonoGame.DesktopGL", "Step2-Refactor\Step2-Refactor.MonoGame.DesktopGL.csproj", "{10222E70-0E82-14D4-EC64-FF223D0E26BD}"
EndProject
Project("{FAE04EC0-301F-11D3-BF4B-00C04F79EFBC}") = "Step3-Model.MonoGame.DesktopGL", "Step3-Model\Step3-Model.MonoGame.DesktopGL.csproj", "{C99C46CD-7497-7CFD-8869-53E95D7D8469}"
EndProject
Project("{FAE04EC0-301F-11D3-BF4B-00C04F79EFBC}") = "Step4-AnimationController.MonoGame.DesktopGL", "Step4-AnimationController\Step4-AnimationController.MonoGame.DesktopGL.csproj", "{244235B8-7BB0-6716-397D-1D457A7EB4F9}"
EndProject
Project("{FAE04EC0-301F-11D3-BF4B-00C04F79EFBC}") = "Step5-BasicAnimations.MonoGame.DesktopGL", "Step5-BasicAnimations\Step5-BasicAnimations.MonoGame.DesktopGL.csproj", "{9B6CCD90-6797-D736-8C3D-B94F381536A0}"
EndProject
Project("{FAE04EC0-301F-11D3-BF4B-00C04F79EFBC}") = "Step6-SwordOnBack.MonoGame.DesktopGL", "Step6-SwordOnBack\Step6-SwordOnBack.MonoGame.DesktopGL.csproj", "{D4AC05A4-BFFA-F76C-3927-7643ADE06A9A}"
EndProject
Global
	GlobalSection(SolutionConfigurationPlatforms) = preSolution
		Debug|Any CPU = Debug|Any CPU
		Release|Any CPU = Release|Any CPU
	EndGlobalSection
	GlobalSection(ProjectConfigurationPlatforms) = postSolution
		{AACBD145-BAD2-A5D9-A819-6DF3AC6F15B2}.Debug|Any CPU.ActiveCfg = Debug|Any CPU
		{AACBD145-BAD2-A5D9-A819-6DF3AC6F15B2}.Debug|Any CPU.Build.0 = Debug|Any CPU
		{AACBD145-BAD2-A5D9-A819-6DF3AC6F15B2}.Release|Any CPU.ActiveCfg = Release|Any CPU
		{AACBD145-BAD2-A5D9-A819-6DF3AC6F15B2}.Release|Any CPU.Build.0 = Release|Any CPU
		{10222E70-0E82-14D4-EC64-FF223D0E26BD}.Debug|Any CPU.ActiveCfg = Debug|Any CPU
		{10222E70-0E82-14D4-EC64-FF223D0E26BD}.Debug|Any CPU.Build.0 = Debug|Any CPU
		{10222E70-0E82-14D4-EC64-FF223D0E26BD}.Release|Any CPU.ActiveCfg = Release|Any CPU
		{10222E70-0E82-14D4-EC64-FF223D0E26BD}.Release|Any CPU.Build.0 = Release|Any CPU
		{C99C46CD-7497-7CFD-8869-53E95D7D8469}.Debug|Any CPU.ActiveCfg = Debug|Any CPU
		{C99C46CD-7497-7CFD-8869-53E95D7D8469}.Debug|Any CPU.Build.0 = Debug|Any CPU
		{C99C46CD-7497-7CFD-8869-53E95D7D8469}.Release|Any CPU.ActiveCfg = Release|Any CPU
		{C99C46CD-7497-7CFD-8869-53E95D7D8469}.Release|Any CPU.Build.0 = Release|Any CPU
		{244235B8-7BB0-6716-397D-1D457A7EB4F9}.Debug|Any CPU.ActiveCfg = Debug|Any CPU
		{244235B8-7BB0-6716-397D-1D457A7EB4F9}.Debug|Any CPU.Build.0 = Debug|Any CPU
		{244235B8-7BB0-6716-397D-1D457A7EB4F9}.Release|Any CPU.ActiveCfg = Release|Any CPU
		{244235B8-7BB0-6716-397D-1D457A7EB4F9}.Release|Any CPU.Build.0 = Release|Any CPU
		{9B6CCD90-6797-D736-8C3D-B94F381536A0}.Debug|Any CPU.ActiveCfg = Debug|Any CPU
		{9B6CCD90-6797-D736-8C3D-B94F381536A0}.Debug|Any CPU.Build.0 = Debug|Any CPU
		{9B6CCD90-6797-D736-8C3D-B94F381536A0}.Release|Any CPU.ActiveCfg = Release|Any CPU
		{9B6CCD90-6797-D736-8C3D-B94F381536A0}.Release|Any CPU.Build.0 = Release|Any CPU
		{D4AC05A4-BFFA-F76C-3927-7643ADE06A9A}.Debug|Any CPU.ActiveCfg = Debug|Any CPU
		{D4AC05A4-BFFA-F76C-3927-7643ADE06A9A}.Debug|Any CPU.Build.0 = Debug|Any CPU
		{D4AC05A4-BFFA-F76C-3927-7643ADE06A9A}.Release|Any CPU.ActiveCfg = Release|Any CPU
		{D4AC05A4-BFFA-F76C-3927-7643ADE06A9A}.Release|Any CPU.Build.0 = Release|Any CPU
	EndGlobalSection
	GlobalSection(SolutionProperties) = preSolution
		HideSolutionNode = FALSE
	EndGlobalSection
	GlobalSection(ExtensibilityGlobals) = postSolution
		SolutionGuid = {35ACDF4E-2CE2-46B1-A19F-35DC131069A1}
	EndGlobalSection
EndGlobal
